PODS:
  - AFNetworking (3.2.1):
    - AFNetworking/NSURLSession (= 3.2.1)
    - AFNetworking/Reachability (= 3.2.1)
    - AFNetworking/Security (= 3.2.1)
    - AFNetworking/Serialization (= 3.2.1)
    - AFNetworking/UIKit (= 3.2.1)
  - AFNetworking/NSURLSession (3.2.1):
    - AFNetworking/Reachability
    - AFNetworking/Security
    - AFNetworking/Serialization
  - AFNetworking/Reachability (3.2.1)
  - AFNetworking/Security (3.2.1)
  - AFNetworking/Serialization (3.2.1)
  - AFNetworking/UIKit (3.2.1):
    - AFNetworking/NSURLSession
  - Aspects (1.4.1)
  - Masonry (1.1.0)
  - MBProgressHUD (1.2.0)
  - ReactiveObjC (3.1.1)
  - SNDownTimer (0.0.8)
  - SNFoundation (0.0.4)
  - SNNetworking (0.1.4):
    - AFNetworking
    - SNFoundation
    - SNTool
  - SNTool (0.1.6):
    - MBProgressHUD
  - WebViewJavascriptBridge (6.0.3)

DEPENDENCIES:
  - Aspects
  - Masonry
  - ReactiveObjC
  - SNDownTimer
  - SNFoundation
  - SNNetworking
  - SNTool
  - WebViewJavascriptBridge

SPEC REPOS:
  trunk:
    - AFNetworking
    - Aspects
    - Masonry
    - MBProgressHUD
    - ReactiveObjC
    - SNDownTimer
    - SNFoundation
    - SNNetworking
    - SNTool
    - WebViewJavascriptBridge

SPEC CHECKSUMS:
  AFNetworking: b6f891fdfaed196b46c7a83cf209e09697b94057
  Aspects: 7595ba96a6727a58ebcbfc954497fc5d2fdde546
  Masonry: 678fab65091a9290e40e2832a55e7ab731aad201
  MBProgressHUD: 3ee5efcc380f6a79a7cc9b363dd669c5e1ae7406
  ReactiveObjC: 011caa393aa0383245f2dcf9bf02e86b80b36040
  SNDownTimer: ff047bcda4943f3e519953200a433d993add7383
  SNFoundation: dc9691581e4e744e50b1505a53d659b1197073b5
  SNNetworking: 9af16bced795cbd6a148937b92bcfd4969a7ee93
  SNTool: 8cb927cbbb026e16a77c744966107afc943e6f59
  WebViewJavascriptBridge: 7f5bc4d3581e672e8f32bd0f812d54bc69bb8e29

PODFILE CHECKSUM: 8aa931b6f1e1da5f04d11401772b627042bbd1f0

COCOAPODS: 1.8.4
